// !$*UTF8*$!
{
	archiveVersion = 1;
	classes = {
	};
	objectVersion = 46;
	objects = {

/* Begin PBXBuildFile section */
		473483091B3BB3A000EADBB2 /* AppDelegate.swift in Sources */ = {isa = PBXBuildFile; fileRef = 473483081B3BB3A000EADBB2 /* AppDelegate.swift */; };
		4734830B1B3BB3A000EADBB2 /* ViewController.swift in Sources */ = {isa = PBXBuildFile; fileRef = 4734830A1B3BB3A000EADBB2 /* ViewController.swift */; };
		4734830E1B3BB3A000EADBB2 /* Main.storyboard in Resources */ = {isa = PBXBuildFile; fileRef = 4734830C1B3BB3A000EADBB2 /* Main.storyboard */; };
		473483101B3BB3A000EADBB2 /* Images.xcassets in Resources */ = {isa = PBXBuildFile; fileRef = 4734830F1B3BB3A000EADBB2 /* Images.xcassets */; };
		473483131B3BB3A100EADBB2 /* LaunchScreen.xib in Resources */ = {isa = PBXBuildFile; fileRef = 473483111B3BB3A100EADBB2 /* LaunchScreen.xib */; };
		4734831F1B3BB3A100EADBB2 /* ObjectOrientedDesignChallengeTests.swift in Sources */ = {isa = PBXBuildFile; fileRef = 4734831E1B3BB3A100EADBB2 /* ObjectOrientedDesignChallengeTests.swift */; };
		473483291B3BB44900EADBB2 /* Student.swift in Sources */ = {isa = PBXBuildFile; fileRef = 473483281B3BB44900EADBB2 /* Student.swift */; };
/* End PBXBuildFile section */

/* Begin PBXContainerItemProxy section */
		473483191B3BB3A100EADBB2 /* PBXContainerItemProxy */ = {
			isa = PBXContainerItemProxy;
			containerPortal = 473482FB1B3BB3A000EADBB2 /* Project object */;
			proxyType = 1;
			remoteGlobalIDString = 473483021B3BB3A000EADBB2;
			remoteInfo = ObjectOrientedDesignChallenge;
		};
/* End PBXContainerItemProxy section */

/* Begin PBXFileReference section */
		473483031B3BB3A000EADBB2 /* ObjectOrientedDesignChallenge.app */ = {isa = PBXFileReference; explicitFileType = wrapper.application; includeInIndex = 0; path = ObjectOrientedDesignChallenge.app; sourceTree = BUILT_PRODUCTS_DIR; };
		473483071B3BB3A000EADBB2 /* Info.plist */ = {isa = PBXFileReference; lastKnownFileType = text.plist.xml; path = Info.plist; sourceTree = "<group>"; };
		473483081B3BB3A000EADBB2 /* AppDelegate.swift */ = {isa = PBXFileReference; lastKnownFileType = sourcecode.swift; path = AppDelegate.swift; sourceTree = "<group>"; };
		4734830A1B3BB3A000EADBB2 /* ViewController.swift */ = {isa = PBXFileReference; lastKnownFileType = sourcecode.swift; path = ViewController.swift; sourceTree = "<group>"; };
		4734830D1B3BB3A000EADBB2 /* Base */ = {isa = PBXFileReference; lastKnownFileType = file.storyboard; name = Base; path = Base.lproj/Main.storyboard; sourceTree = "<group>"; };
		4734830F1B3BB3A000EADBB2 /* Images.xcassets */ = {isa = PBXFileReference; lastKnownFileType = folder.assetcatalog; path = Images.xcassets; sourceTree = "<group>"; };
		473483121B3BB3A100EADBB2 /* Base */ = {isa = PBXFileReference; lastKnownFileType = file.xib; name = Base; path = Base.lproj/LaunchScreen.xib; sourceTree = "<group>"; };
		473483181B3BB3A100EADBB2 /* ObjectOrientedDesignChallengeTests.xctest */ = {isa = PBXFileReference; explicitFileType = wrapper.cfbundle; includeInIndex = 0; path = ObjectOrientedDesignChallengeTests.xctest; sourceTree = BUILT_PRODUCTS_DIR; };
		4734831D1B3BB3A100EADBB2 /* Info.plist */ = {isa = PBXFileReference; lastKnownFileType = text.plist.xml; path = Info.plist; sourceTree = "<group>"; };
		4734831E1B3BB3A100EADBB2 /* ObjectOrientedDesignChallengeTests.swift */ = {isa = PBXFileReference; lastKnownFileType = sourcecode.swift; path = ObjectOrientedDesignChallengeTests.swift; sourceTree = "<group>"; };
		473483281B3BB44900EADBB2 /* Student.swift */ = {isa = PBXFileReference; fileEncoding = 4; lastKnownFileType = sourcecode.swift; path = Student.swift; sourceTree = "<group>"; };
/* End PBXFileReference section */

/* Begin PBXFrameworksBuildPhase section */
		473483001B3BB3A000EADBB2 /* Frameworks */ = {
			isa = PBXFrameworksBuildPhase;
			buildActionMask = 2147483647;
			files = (
			);
			runOnlyForDeploymentPostprocessing = 0;
		};
		473483151B3BB3A100EADBB2 /* Frameworks */ = {
			isa = PBXFrameworksBuildPhase;
			buildActionMask = 2147483647;
			files = (
			);
			runOnlyForDeploymentPostprocessing = 0;
		};
/* End PBXFrameworksBuildPhase section */

/* Begin PBXGroup section */
		473482FA1B3BB3A000EADBB2 = {
			isa = PBXGroup;
			children = (
				473483051B3BB3A000EADBB2 /* ObjectOrientedDesignChallenge */,
				4734831B1B3BB3A100EADBB2 /* ObjectOrientedDesignChallengeTests */,
				473483041B3BB3A000EADBB2 /* Products */,
			);
			sourceTree = "<group>";
		};
		473483041B3BB3A000EADBB2 /* Products */ = {
			isa = PBXGroup;
			children = (
				473483031B3BB3A000EADBB2 /* ObjectOrientedDesignChallenge.app */,
				473483181B3BB3A100EADBB2 /* ObjectOrientedDesignChallengeTests.xctest */,
			);
			name = Products;
			sourceTree = "<group>";
		};
		473483051B3BB3A000EADBB2 /* ObjectOrientedDesignChallenge */ = {
			isa = PBXGroup;
			children = (
				473483081B3BB3A000EADBB2 /* AppDelegate.swift */,
				4734830A1B3BB3A000EADBB2 /* ViewController.swift */,
				473483281B3BB44900EADBB2 /* Student.swift */,
				4734830C1B3BB3A000EADBB2 /* Main.storyboard */,
				473483111B3BB3A100EADBB2 /* LaunchScreen.xib */,
				4734830F1B3BB3A000EADBB2 /* Images.xcassets */,
				473483061B3BB3A000EADBB2 /* Supporting Files */,
			);
			path = ObjectOrientedDesignChallenge;
			sourceTree = "<group>";
		};
		473483061B3BB3A000EADBB2 /* Supporting Files */ = {
			isa = PBXGroup;
			children = (
				473483071B3BB3A000EADBB2 /* Info.plist */,
			);
			name = "Supporting Files";
			sourceTree = "<group>";
		};
		4734831B1B3BB3A100EADBB2 /* ObjectOrientedDesignChallengeTests */ = {
			isa = PBXGroup;
			children = (
				4734831E1B3BB3A100EADBB2 /* ObjectOrientedDesignChallengeTests.swift */,
				4734831C1B3BB3A100EADBB2 /* Supporting Files */,
			);
			path = ObjectOrientedDesignChallengeTests;
			sourceTree = "<group>";
		};
		4734831C1B3BB3A100EADBB2 /* Supporting Files */ = {
			isa = PBXGroup;
			children = (
				4734831D1B3BB3A100EADBB2 /* Info.plist */,
			);
			name = "Supporting Files";
			sourceTree = "<group>";
		};
/* End PBXGroup section */

/* Begin PBXNativeTarget section */
		473483021B3BB3A000EADBB2 /* ObjectOrientedDesignChallenge */ = {
			isa = PBXNativeTarget;
			buildConfigurationList = 473483221B3BB3A100EADBB2 /* Build configuration list for PBXNativeTarget "ObjectOrientedDesignChallenge" */;
			buildPhases = (
				473482FF1B3BB3A000EADBB2 /* Sources */,
				473483001B3BB3A000EADBB2 /* Frameworks */,
				473483011B3BB3A000EADBB2 /* Resources */,
			);
			buildRules = (
			);
			dependencies = (
			);
			name = ObjectOrientedDesignChallenge;
			productName = ObjectOrientedDesignChallenge;
			productReference = 473483031B3BB3A000EADBB2 /* ObjectOrientedDesignChallenge.app */;
			productType = "com.apple.product-type.application";
		};
		473483171B3BB3A100EADBB2 /* ObjectOrientedDesignChallengeTests */ = {
			isa = PBXNativeTarget;
			buildConfigurationList = 473483251B3BB3A100EADBB2 /* Build configuration list for PBXNativeTarget "ObjectOrientedDesignChallengeTests" */;
			buildPhases = (
				473483141B3BB3A100EADBB2 /* Sources */,
				473483151B3BB3A100EADBB2 /* Frameworks */,
				473483161B3BB3A100EADBB2 /* Resources */,
			);
			buildRules = (
			);
			dependencies = (
				4734831A1B3BB3A100EADBB2 /* PBXTargetDependency */,
			);
			name = ObjectOrientedDesignChallengeTests;
			productName = ObjectOrientedDesignChallengeTests;
			productReference = 473483181B3BB3A100EADBB2 /* ObjectOrientedDesignChallengeTests.xctest */;
			productType = "com.apple.product-type.bundle.unit-test";
		};
/* End PBXNativeTarget section */

/* Begin PBXProject section */
		473482FB1B3BB3A000EADBB2 /* Project object */ = {
			isa = PBXProject;
			attributes = {
				LastSwiftMigration = 0700;
				LastSwiftUpdateCheck = 0700;
				LastUpgradeCheck = 0710;
				ORGANIZATIONNAME = MobileMakers;
				TargetAttributes = {
					473483021B3BB3A000EADBB2 = {
						CreatedOnToolsVersion = 6.3.2;
					};
					473483171B3BB3A100EADBB2 = {
						CreatedOnToolsVersion = 6.3.2;
						TestTargetID = 473483021B3BB3A000EADBB2;
					};
				};
			};
			buildConfigurationList = 473482FE1B3BB3A000EADBB2 /* Build configuration list for PBXProject "ObjectOrientedDesignChallenge" */;
			compatibilityVersion = "Xcode 3.2";
			developmentRegion = English;
			hasScannedForEncodings = 0;
			knownRegions = (
				en,
				Base,
			);
			mainGroup = 473482FA1B3BB3A000EADBB2;
			productRefGroup = 473483041B3BB3A000EADBB2 /* Products */;
			projectDirPath = "";
			projectRoot = "";
			targets = (
				473483021B3BB3A000EADBB2 /* ObjectOrientedDesignChallenge */,
				473483171B3BB3A100EADBB2 /* ObjectOrientedDesignChallengeTests */,
			);
		};
/* End PBXProject section */

/* Begin PBXResourcesBuildPhase section */
		473483011B3BB3A000EADBB2 /* Resources */ = {
			isa = PBXResourcesBuildPhase;
			buildActionMask = 2147483647;
			files = (
				4734830E1B3BB3A000EADBB2 /* Main.storyboard in Resources */,
				473483131B3BB3A100EADBB2 /* LaunchScreen.xib in Resources */,
				473483101B3BB3A000EADBB2 /* Images.xcassets in Resources */,
			);
			runOnlyForDeploymentPostprocessing = 0;
		};
		473483161B3BB3A100EADBB2 /* Resources */ = {
			isa = PBXResourcesBuildPhase;
			buildActionMask = 2147483647;
			files = (
			);
			runOnlyForDeploymentPostprocessing = 0;
		};
/* End PBXResourcesBuildPhase section */

/* Begin PBXSourcesBuildPhase section */
		473482FF1B3BB3A000EADBB2 /* Sources */ = {
			isa = PBXSourcesBuildPhase;
			buildActionMask = 2147483647;
			files = (
				4734830B1B3BB3A000EADBB2 /* ViewController.swift in Sources */,
				473483291B3BB44900EADBB2 /* Student.swift in Sources */,
				473483091B3BB3A000EADBB2 /* AppDelegate.swift in Sources */,
			);
			runOnlyForDeploymentPostprocessing = 0;
		};
		473483141B3BB3A100EADBB2 /* Sources */ = {
			isa = PBXSourcesBuildPhase;
			buildActionMask = 2147483647;
			files = (
				4734831F1B3BB3A100EADBB2 /* ObjectOrientedDesignChallengeTests.swift in Sources */,
			);
			runOnlyForDeploymentPostprocessing = 0;
		};
/* End PBXSourcesBuildPhase section */

/* Begin PBXTargetDependency section */
		4734831A1B3BB3A100EADBB2 /* PBXTargetDependency */ = {
			isa = PBXTargetDependency;
			target = 473483021B3BB3A000EADBB2 /* ObjectOrientedDesignChallenge */;
			targetProxy = 473483191B3BB3A100EADBB2 /* PBXContainerItemProxy */;
		};
/* End PBXTargetDependency section */

/* Begin PBXVariantGroup section */
		4734830C1B3BB3A000EADBB2 /* Main.storyboard */ = {
			isa = PBXVariantGroup;
			children = (
				4734830D1B3BB3A000EADBB2 /* Base */,
			);
			name = Main.storyboard;
			sourceTree = "<group>";
		};
		473483111B3BB3A100EADBB2 /* LaunchScreen.xib */ = {
			isa = PBXVariantGroup;
			children = (
				473483121B3BB3A100EADBB2 /* Base */,
			);
			name = LaunchScreen.xib;
			sourceTree = "<group>";
		};
/* End PBXVariantGroup section */

/* Begin XCBuildConfiguration section */
		473483201B3BB3A100EADBB2 /* Debug */ = {
			isa = XCBuildConfiguration;
			buildSettings = {
				ALWAYS_SEARCH_USER_PATHS = NO;
				CLANG_CXX_LANGUAGE_STANDARD = "gnu++0x";
				CLANG_CXX_LIBRARY = "libc++";
				CLANG_ENABLE_MODULES = YES;
				CLANG_ENABLE_OBJC_ARC = YES;
				CLANG_WARN_BOOL_CONVERSION = YES;
				CLANG_WARN_CONSTANT_CONVERSION = YES;
				CLANG_WARN_DIRECT_OBJC_ISA_USAGE = YES_ERROR;
				CLANG_WARN_EMPTY_BODY = YES;
				CLANG_WARN_ENUM_CONVERSION = YES;
				CLANG_WARN_INT_CONVERSION = YES;
				CLANG_WARN_OBJC_ROOT_CLASS = YES_ERROR;
				CLANG_WARN_UNREACHABLE_CODE = YES;
				CLANG_WARN__DUPLICATE_METHOD_MATCH = YES;
				"CODE_SIGN_IDENTITY[sdk=iphoneos*]" = "iPhone Developer";
				COPY_PHASE_STRIP = NO;
				DEBUG_INFORMATION_FORMAT = "dwarf-with-dsym";
				ENABLE_STRICT_OBJC_MSGSEND = YES;
				ENABLE_TESTABILITY = YES;
				GCC_C_LANGUAGE_STANDARD = gnu99;
				GCC_DYNAMIC_NO_PIC = NO;
				GCC_NO_COMMON_BLOCKS = YES;
				GCC_OPTIMIZATION_LEVEL = 0;
				GCC_PREPROCESSOR_DEFINITIONS = (
					"DEBUG=1",
					"$(inherited)",
				);
				GCC_SYMBOLS_PRIVATE_EXTERN = NO;
				GCC_WARN_64_TO_32_BIT_CONVERSION = YES;
				GCC_WARN_ABOUT_RETURN_TYPE = YES_ERROR;
				GCC_WARN_UNDECLARED_SELECTOR = YES;
				GCC_WARN_UNINITIALIZED_AUTOS = YES_AGGRESSIVE;
				GCC_WARN_UNUSED_FUNCTION = YES;
				GCC_WARN_UNUSED_VARIABLE = YES;
				IPHONEOS_DEPLOYMENT_TARGET = 8.3;
				MTL_ENABLE_DEBUG_INFO = YES;
				ONLY_ACTIVE_ARCH = YES;
				SDKROOT = iphoneos;
				SWIFT_OPTIMIZATION_LEVEL = "-Onone";
				TARGETED_DEVICE_FAMILY = "1,2";
			};
			name = Debug;
		};
		473483211B3BB3A100EADBB2 /* Release */ = {
			isa = XCBuildConfiguration;
			buildSettings = {
				ALWAYS_SEARCH_USER_PATHS = NO;
				CLANG_CXX_LANGUAGE_STANDARD = "gnu++0x";
				CLANG_CXX_LIBRARY = "libc++";
				CLANG_ENABLE_MODULES = YES;
				CLANG_ENABLE_OBJC_ARC = YES;
				CLANG_WARN_BOOL_CONVERSION = YES;
				CLANG_WARN_CONSTANT_CONVERSION = YES;
				CLANG_WARN_DIRECT_OBJC_ISA_USAGE = YES_ERROR;
				CLANG_WARN_EMPTY_BODY = YES;
				CLANG_WARN_ENUM_CONVERSION = YES;
				CLANG_WARN_INT_CONVERSION = YES;
				CLANG_WARN_OBJC_ROOT_CLASS = YES_ERROR;
				CLANG_WARN_UNREACHABLE_CODE = YES;
				CLANG_WARN__DUPLICATE_METHOD_MATCH = YES;
				"CODE_SIGN_IDENTITY[sdk=iphoneos*]" = "iPhone Developer";
				COPY_PHASE_STRIP = NO;
				DEBUG_INFORMATION_FORMAT = "dwarf-with-dsym";
				ENABLE_NS_ASSERTIONS = NO;
				ENABLE_STRICT_OBJC_MSGSEND = YES;
				GCC_C_LANGUAGE_STANDARD = gnu99;
				GCC_NO_COMMON_BLOCKS = YES;
				GCC_WARN_64_TO_32_BIT_CONVERSION = YES;
				GCC_WARN_ABOUT_RETURN_TYPE = YES_ERROR;
				GCC_WARN_UNDECLARED_SELECTOR = YES;
				GCC_WARN_UNINITIALIZED_AUTOS = YES_AGGRESSIVE;
				GCC_WARN_UNUSED_FUNCTION = YES;
				GCC_WARN_UNUSED_VARIABLE = YES;
				IPHONEOS_DEPLOYMENT_TARGET = 8.3;
				MTL_ENABLE_DEBUG_INFO = NO;
				SDKROOT = iphoneos;
				TARGETED_DEVICE_FAMILY = "1,2";
				VALIDATE_PRODUCT = YES;
			};
			name = Release;
		};
		473483231B3BB3A100EADBB2 /* Debug */ = {
			isa = XCBuildConfiguration;
			buildSettings = {
				ASSETCATALOG_COMPILER_APPICON_NAME = AppIcon;
				INFOPLIST_FILE = ObjectOrientedDesignChallenge/Info.plist;
				LD_RUNPATH_SEARCH_PATHS = "$(inherited) @executable_path/Frameworks";
				PRODUCT_BUNDLE_IDENTIFIER = "mm.$(PRODUCT_NAME:rfc1034identifier)";
				PRODUCT_NAME = "$(TARGET_NAME)";
			};
			name = Debug;
		};
		473483241B3BB3A100EADBB2 /* Release */ = {
			isa = XCBuildConfiguration;
			buildSettings = {
				ASSETCATALOG_COMPILER_APPICON_NAME = AppIcon;
				INFOPLIST_FILE = ObjectOrientedDesignChallenge/Info.plist;
				LD_RUNPATH_SEARCH_PATHS = "$(inherited) @executable_path/Frameworks";
				PRODUCT_BUNDLE_IDENTIFIER = "mm.$(PRODUCT_NAME:rfc1034identifier)";
				PRODUCT_NAME = "$(TARGET_NAME)";
			};
			name = Release;
		};
		473483261B3BB3A100EADBB2 /* Debug */ = {
			isa = XCBuildConfiguration;
			buildSettings = {
				BUNDLE_LOADER = "$(TEST_HOST)";
				FRAMEWORK_SEARCH_PATHS = (
					"$(SDKROOT)/Developer/Library/Frameworks",
					"$(inherited)",
				);
				GCC_PREPROCESSOR_DEFINITIONS = (
					"DEBUG=1",
					"$(inherited)",
				);
				INFOPLIST_FILE = ObjectOrientedDesignChallengeTests/Info.plist;
				LD_RUNPATH_SEARCH_PATHS = "$(inherited) @executable_path/Frameworks @loader_path/Frameworks";
				PRODUCT_BUNDLE_IDENTIFIER = "mm.$(PRODUCT_NAME:rfc1034identifier)";
				PRODUCT_NAME = "$(TARGET_NAME)";
				TEST_HOST = "$(BUILT_PRODUCTS_DIR)/ObjectOrientedDesignChallenge.app/ObjectOrientedDesignChallenge";
			};
			name = Debug;
		};
		473483271B3BB3A100EADBB2 /* Release */ = {
			isa = XCBuildConfiguration;
			buildSettings = {
				BUNDLE_LOADER = "$(TEST_HOST)";
				FRAMEWORK_SEARCH_PATHS = (
					"$(SDKROOT)/Developer/Library/Frameworks",
					"$(inherited)",
				);
				INFOPLIST_FILE = ObjectOrientedDesignChallengeTests/Info.plist;
				LD_RUNPATH_SEARCH_PATHS = "$(inherited) @executable_path/Frameworks @loader_path/Frameworks";
				PRODUCT_BUNDLE_IDENTIFIER = "mm.$(PRODUCT_NAME:rfc1034identifier)";
				PRODUCT_NAME = "$(TARGET_NAME)";
				TEST_HOST = "$(BUILT_PRODUCTS_DIR)/ObjectOrientedDesignChallenge.app/ObjectOrientedDesignChallenge";
			};
			name = Release;
		};
/* End XCBuildConfiguration section */

/* Begin XCConfigurationList section */
		473482FE1B3BB3A000EADBB2 /* Build configuration list for PBXProject "ObjectOrientedDesignChallenge" */ = {
			isa = XCConfigurationList;
			buildConfigurations = (
				473483201B3BB3A100EADBB2 /* Debug */,
				473483211B3BB3A100EADBB2 /* Release */,
			);
			defaultConfigurationIsVisible = 0;
			defaultConfigurationName = Release;
		};
		473483221B3BB3A100EADBB2 /* Build configuration list for PBXNativeTarget "ObjectOrientedDesignChallenge" */ = {
			isa = XCConfigurationList;
			buildConfigurations = (
				473483231B3BB3A100EADBB2 /* Debug */,
				473483241B3BB3A100EADBB2 /* Release */,
			);
			defaultConfigurationIsVisible = 0;
			defaultConfigurationName = Release;
		};
		473483251B3BB3A100EADBB2 /* Build configuration list for PBXNativeTarget "ObjectOrientedDesignChallengeTests" */ = {
			isa = XCConfigurationList;
			buildConfigurations = (
				473483261B3BB3A100EADBB2 /* Debug */,
				473483271B3BB3A100EADBB2 /* Release */,
			);
			defaultConfigurationIsVisible = 0;
			defaultConfigurationName = Release;
		};
/* End XCConfigurationList section */
	};
	rootObject = 473482FB1B3BB3A000EADBB2 /* Project object */;
}
